
Microsoft Visual Studio Solution File, Format Version 12.00
# Visual Studio 15
VisualStudioVersion = 15.0.26430.13
MinimumVisualStudioVersion = 10.0.40219.1
Project("{FAE04EC0-301F-11D3-BF4B-00C04F79EFBC}") = "LinearAlgebra", "LinearAlgebra\LinearAlgebra.csproj", "{32CD6CD3-6ED8-48C8-95EA-ADEC11D7DA4E}"
EndProject
Project("{FAE04EC0-301F-11D3-BF4B-00C04F79EFBC}") = "TextPreProcessing", "TextPreProcessing\TextPreProcessing.csproj", "{C82F86C2-AACB-4FE2-B2C2-78B7EB055FA8}"
EndProject
Project("{2150E333-8FDC-42A3-9474-1A3956D46DE8}") = "Utilities", "Utilities", "{CF5BD6A5-6AC2-466D-83AB-A3E6CEEE0A03}"
EndProject
Project("{2150E333-8FDC-42A3-9474-1A3956D46DE8}") = "Tests", "Tests", "{EE0560F0-4C83-4737-BA3A-787F7215BB49}"
EndProject
Project("{2150E333-8FDC-42A3-9474-1A3956D46DE8}") = "DemoApps", "DemoApps", "{C825E838-3592-46A7-A55D-E4E3D24ED2DB}"
EndProject
Project("{FAE04EC0-301F-11D3-BF4B-00C04F79EFBC}") = "StatsAndProbs", "StatsAndProbs\StatsAndProbs.csproj", "{CC2FC8E0-2566-4DAF-B5DA-446E7F8FA43B}"
EndProject
Project("{2150E333-8FDC-42A3-9474-1A3956D46DE8}") = "NLP", "NLP", "{1BF1153F-144D-4B23-81EF-710363130A96}"
EndProject
Global
	GlobalSection(SolutionConfigurationPlatforms) = preSolution
		Debug|Any CPU = Debug|Any CPU
		Release|Any CPU = Release|Any CPU
	EndGlobalSection
	GlobalSection(ProjectConfigurationPlatforms) = postSolution
		{32CD6CD3-6ED8-48C8-95EA-ADEC11D7DA4E}.Debug|Any CPU.ActiveCfg = Debug|Any CPU
		{32CD6CD3-6ED8-48C8-95EA-ADEC11D7DA4E}.Debug|Any CPU.Build.0 = Debug|Any CPU
		{32CD6CD3-6ED8-48C8-95EA-ADEC11D7DA4E}.Release|Any CPU.ActiveCfg = Release|Any CPU
		{32CD6CD3-6ED8-48C8-95EA-ADEC11D7DA4E}.Release|Any CPU.Build.0 = Release|Any CPU
		{C82F86C2-AACB-4FE2-B2C2-78B7EB055FA8}.Debug|Any CPU.ActiveCfg = Debug|Any CPU
		{C82F86C2-AACB-4FE2-B2C2-78B7EB055FA8}.Debug|Any CPU.Build.0 = Debug|Any CPU
		{C82F86C2-AACB-4FE2-B2C2-78B7EB055FA8}.Release|Any CPU.ActiveCfg = Release|Any CPU
		{C82F86C2-AACB-4FE2-B2C2-78B7EB055FA8}.Release|Any CPU.Build.0 = Release|Any CPU
		{CC2FC8E0-2566-4DAF-B5DA-446E7F8FA43B}.Debug|Any CPU.ActiveCfg = Debug|Any CPU
		{CC2FC8E0-2566-4DAF-B5DA-446E7F8FA43B}.Debug|Any CPU.Build.0 = Debug|Any CPU
		{CC2FC8E0-2566-4DAF-B5DA-446E7F8FA43B}.Release|Any CPU.ActiveCfg = Release|Any CPU
		{CC2FC8E0-2566-4DAF-B5DA-446E7F8FA43B}.Release|Any CPU.Build.0 = Release|Any CPU
	EndGlobalSection
	GlobalSection(SolutionProperties) = preSolution
		HideSolutionNode = FALSE
	EndGlobalSection
EndGlobal
